// !$*UTF8*$!
{
	archiveVersion = 1;
	classes = {
	};
	objectVersion = 48;
	objects = {

/* Begin PBXBuildFile section */
		20DFFDA11F76E25700991EAC /* AppDelegate.swift in Sources */ = {isa = PBXBuildFile; fileRef = 20DFFDA01F76E25700991EAC /* AppDelegate.swift */; };
		20DFFDA31F76E25700991EAC /* ViewController.swift in Sources */ = {isa = PBXBuildFile; fileRef = 20DFFDA21F76E25700991EAC /* ViewController.swift */; };
		20DFFDA61F76E25700991EAC /* Main.storyboard in Resources */ = {isa = PBXBuildFile; fileRef = 20DFFDA41F76E25700991EAC /* Main.storyboard */; };
		20DFFDA81F76E25700991EAC /* Assets.xcassets in Resources */ = {isa = PBXBuildFile; fileRef = 20DFFDA71F76E25700991EAC /* Assets.xcassets */; };
		20DFFDAB1F76E25700991EAC /* LaunchScreen.storyboard in Resources */ = {isa = PBXBuildFile; fileRef = 20DFFDA91F76E25700991EAC /* LaunchScreen.storyboard */; };
		20DFFDB31F76E29A00991EAC /* Network.swift in Sources */ = {isa = PBXBuildFile; fileRef = 20DFFDB21F76E29A00991EAC /* Network.swift */; };
/* End PBXBuildFile section */

/* Begin PBXFileReference section */
		20DFFD9D1F76E25700991EAC /* product-hunt api Project.app */ = {isa = PBXFileReference; explicitFileType = wrapper.application; includeInIndex = 0; path = "product-hunt api Project.app"; sourceTree = BUILT_PRODUCTS_DIR; };
		20DFFDA01F76E25700991EAC /* AppDelegate.swift */ = {isa = PBXFileReference; lastKnownFileType = sourcecode.swift; path = AppDelegate.swift; sourceTree = "<group>"; };
		20DFFDA21F76E25700991EAC /* ViewController.swift */ = {isa = PBXFileReference; lastKnownFileType = sourcecode.swift; path = ViewController.swift; sourceTree = "<group>"; };
		20DFFDA51F76E25700991EAC /* Base */ = {isa = PBXFileReference; lastKnownFileType = file.storyboard; name = Base; path = Base.lproj/Main.storyboard; sourceTree = "<group>"; };
		20DFFDA71F76E25700991EAC /* Assets.xcassets */ = {isa = PBXFileReference; lastKnownFileType = folder.assetcatalog; path = Assets.xcassets; sourceTree = "<group>"; };
		20DFFDAA1F76E25700991EAC /* Base */ = {isa = PBXFileReference; lastKnownFileType = file.storyboard; name = Base; path = Base.lproj/LaunchScreen.storyboard; sourceTree = "<group>"; };
		20DFFDAC1F76E25700991EAC /* Info.plist */ = {isa = PBXFileReference; lastKnownFileType = text.plist.xml; path = Info.plist; sourceTree = "<group>"; };
		20DFFDB21F76E29A00991EAC /* Network.swift */ = {isa = PBXFileReference; lastKnownFileType = sourcecode.swift; path = Network.swift; sourceTree = "<group>"; };
/* End PBXFileReference section */

/* Begin PBXFrameworksBuildPhase section */
		20DFFD9A1F76E25700991EAC /* Frameworks */ = {
			isa = PBXFrameworksBuildPhase;
			buildActionMask = 2147483647;
			files = (
			);
			runOnlyForDeploymentPostprocessing = 0;
		};
/* End PBXFrameworksBuildPhase section */

/* Begin PBXGroup section */
		20DFFD941F76E25700991EAC = {
			isa = PBXGroup;
			children = (
				20DFFD9F1F76E25700991EAC /* product-hunt api Project */,
				20DFFD9E1F76E25700991EAC /* Products */,
			);
			sourceTree = "<group>";
		};
		20DFFD9E1F76E25700991EAC /* Products */ = {
			isa = PBXGroup;
			children = (
				20DFFD9D1F76E25700991EAC /* product-hunt api Project.app */,
			);
			name = Products;
			sourceTree = "<group>";
		};
		20DFFD9F1F76E25700991EAC /* product-hunt api Project */ = {
			isa = PBXGroup;
			children = (
				20DFFDA01F76E25700991EAC /* AppDelegate.swift */,
				20DFFDA21F76E25700991EAC /* ViewController.swift */,
				20DFFDA41F76E25700991EAC /* Main.storyboard */,
				20DFFDA71F76E25700991EAC /* Assets.xcassets */,
				20DFFDA91F76E25700991EAC /* LaunchScreen.storyboard */,
				20DFFDAC1F76E25700991EAC /* Info.plist */,
				20DFFDB21F76E29A00991EAC /* Network.swift */,
			);
			path = "product-hunt api Project";
			sourceTree = "<group>";
		};
/* End PBXGroup section */

/* Begin PBXNativeTarget section */
		20DFFD9C1F76E25700991EAC /* product-hunt api Project */ = {
			isa = PBXNativeTarget;
			buildConfigurationList = 20DFFDAF1F76E25700991EAC /* Build configuration list for PBXNativeTarget "product-hunt api Project" */;
			buildPhases = (
				20DFFD991F76E25700991EAC /* Sources */,
				20DFFD9A1F76E25700991EAC /* Frameworks */,
				20DFFD9B1F76E25700991EAC /* Resources */,
			);
			buildRules = (
			);
			dependencies = (
			);
			name = "product-hunt api Project";
			productName = "product-hunt api Project";
			productReference = 20DFFD9D1F76E25700991EAC /* product-hunt api Project.app */;
			productType = "com.apple.product-type.application";
		};
/* End PBXNativeTarget section */

/* Begin PBXProject section */
		20DFFD951F76E25700991EAC /* Project object */ = {
			isa = PBXProject;
			attributes = {
				LastSwiftUpdateCheck = 0900;
				LastUpgradeCheck = 0900;
				ORGANIZATIONNAME = Yveslym;
				TargetAttributes = {
					20DFFD9C1F76E25700991EAC = {
						CreatedOnToolsVersion = 9.0;
						ProvisioningStyle = Automatic;
					};
				};
			};
			buildConfigurationList = 20DFFD981F76E25700991EAC /* Build configuration list for PBXProject "product-hunt api Project" */;
			compatibilityVersion = "Xcode 8.0";
			developmentRegion = en;
			hasScannedForEncodings = 0;
			knownRegions = (
				en,
				Base,
			);
			mainGroup = 20DFFD941F76E25700991EAC;
			productRefGroup = 20DFFD9E1F76E25700991EAC /* Products */;
			projectDirPath = "";
			projectRoot = "";
			targets = (
				20DFFD9C1F76E25700991EAC /* product-hunt api Project */,
			);
		};
/* End PBXProject section */

/* Begin PBXResourcesBuildPhase section */
		20DFFD9B1F76E25700991EAC /* Resources */ = {
			isa = PBXResourcesBuildPhase;
			buildActionMask = 2147483647;
			files = (
				20DFFDAB1F76E25700991EAC /* LaunchScreen.storyboard in Resources */,
				20DFFDA81F76E25700991EAC /* Assets.xcassets in Resources */,
				20DFFDA61F76E25700991EAC /* Main.storyboard in Resources */,
			);
			runOnlyForDeploymentPostprocessing = 0;
		};
/* End PBXResourcesBuildPhase section */

/* Begin PBXSourcesBuildPhase section */
		20DFFD991F76E25700991EAC /* Sources */ = {
			isa = PBXSourcesBuildPhase;
			buildActionMask = 2147483647;
			files = (
				20DFFDA31F76E25700991EAC /* ViewController.swift in Sources */,
				20DFFDA11F76E25700991EAC /* AppDelegate.swift in Sources */,
				20DFFDB31F76E29A00991EAC /* Network.swift in Sources */,
			);
			runOnlyForDeploymentPostprocessing = 0;
		};
/* End PBXSourcesBuildPhase section */

/* Begin PBXVariantGroup section */
		20DFFDA41F76E25700991EAC /* Main.storyboard */ = {
			isa = PBXVariantGroup;
			children = (
				20DFFDA51F76E25700991EAC /* Base */,
			);
			name = Main.storyboard;
			sourceTree = "<group>";
		};
		20DFFDA91F76E25700991EAC /* LaunchScreen.storyboard */ = {
			isa = PBXVariantGroup;
			children = (
				20DFFDAA1F76E25700991EAC /* Base */,
			);
			name = LaunchScreen.storyboard;
			sourceTree = "<group>";
		};
/* End PBXVariantGroup section */

/* Begin XCBuildConfiguration section */
		20DFFDAD1F76E25700991EAC /* Debug */ = {
			isa = XCBuildConfiguration;
			buildSettings = {
				ALWAYS_SEARCH_USER_PATHS = NO;
				CLANG_ANALYZER_NONNULL = YES;
				CLANG_ANALYZER_NUMBER_OBJECT_CONVERSION = YES_AGGRESSIVE;
				CLANG_CXX_LANGUAGE_STANDARD = "gnu++14";
				CLANG_CXX_LIBRARY = "libc++";
				CLANG_ENABLE_MODULES = YES;
				CLANG_ENABLE_OBJC_ARC = YES;
				CLANG_WARN_BLOCK_CAPTURE_AUTORELEASING = YES;
				CLANG_WARN_BOOL_CONVERSION = YES;
				CLANG_WARN_COMMA = YES;
				CLANG_WARN_CONSTANT_CONVERSION = YES;
				CLANG_WARN_DIRECT_OBJC_ISA_USAGE = YES_ERROR;
				CLANG_WARN_DOCUMENTATION_COMMENTS = YES;
				CLANG_WARN_EMPTY_BODY = YES;
				CLANG_WARN_ENUM_CONVERSION = YES;
				CLANG_WARN_INFINITE_RECURSION = YES;
				CLANG_WARN_INT_CONVERSION = YES;
				CLANG_WARN_NON_LITERAL_NULL_CONVERSION = YES;
				CLANG_WARN_OBJC_LITERAL_CONVERSION = YES;
				CLANG_WARN_OBJC_ROOT_CLASS = YES_ERROR;
				CLANG_WARN_RANGE_LOOP_ANALYSIS = YES;
				CLANG_WARN_STRICT_PROTOTYPES = YES;
				CLANG_WARN_SUSPICIOUS_MOVE = YES;
				CLANG_WARN_UNGUARDED_AVAILABILITY = YES_AGGRESSIVE;
				CLANG_WARN_UNREACHABLE_CODE = YES;
				CLANG_WARN__DUPLICATE_METHOD_MATCH = YES;
				CODE_SIGN_IDENTITY = "iPhone Developer";
				COPY_PHASE_STRIP = NO;
				DEBUG_INFORMATION_FORMAT = dwarf;
				ENABLE_STRICT_OBJC_MSGSEND = YES;
				ENABLE_TESTABILITY = YES;
				GCC_C_LANGUAGE_STANDARD = gnu11;
				GCC_DYNAMIC_NO_PIC = NO;
				GCC_NO_COMMON_BLOCKS = YES;
				GCC_OPTIMIZATION_LEVEL = 0;
				GCC_PREPROCESSOR_DEFINITIONS = (
					"DEBUG=1",
					"$(inherited)",
				);
				GCC_WARN_64_TO_32_BIT_CONVERSION = YES;
				GCC_WARN_ABOUT_RETURN_TYPE = YES_ERROR;
				GCC_WARN_UNDECLARED_SELECTOR = YES;
				GCC_WARN_UNINITIALIZED_AUTOS = YES_AGGRESSIVE;
				GCC_WARN_UNUSED_FUNCTION = YES;
				GCC_WARN_UNUSED_VARIABLE = YES;
				IPHONEOS_DEPLOYMENT_TARGET = 11.0;
				MTL_ENABLE_DEBUG_INFO = YES;
				ONLY_ACTIVE_ARCH = YES;
				SDKROOT = iphoneos;
				SWIFT_ACTIVE_COMPILATION_CONDITIONS = DEBUG;
				SWIFT_OPTIMIZATION_LEVEL = "-Onone";
			};
			name = Debug;
		};
		20DFFDAE1F76E25700991EAC /* Release */ = {
			isa = XCBuildConfiguration;
			buildSettings = {
				ALWAYS_SEARCH_USER_PATHS = NO;
				CLANG_ANALYZER_NONNULL = YES;
				CLANG_ANALYZER_NUMBER_OBJECT_CONVERSION = YES_AGGRESSIVE;
				CLANG_CXX_LANGUAGE_STANDARD = "gnu++14";
				CLANG_CXX_LIBRARY = "libc++";
				CLANG_ENABLE_MODULES = YES;
				CLANG_ENABLE_OBJC_ARC = YES;
				CLANG_WARN_BLOCK_CAPTURE_AUTORELEASING = YES;
				CLANG_WARN_BOOL_CONVERSION = YES;
				CLANG_WARN_COMMA = YES;
				CLANG_WARN_CONSTANT_CONVERSION = YES;
				CLANG_WARN_DIRECT_OBJC_ISA_USAGE = YES_ERROR;
				CLANG_WARN_DOCUMENTATION_COMMENTS = YES;
				CLANG_WARN_EMPTY_BODY = YES;
				CLANG_WARN_ENUM_CONVERSION = YES;
				CLANG_WARN_INFINITE_RECURSION = YES;
				CLANG_WARN_INT_CONVERSION = YES;
				CLANG_WARN_NON_LITERAL_NULL_CONVERSION = YES;
				CLANG_WARN_OBJC_LITERAL_CONVERSION = YES;
				CLANG_WARN_OBJC_ROOT_CLASS = YES_ERROR;
				CLANG_WARN_RANGE_LOOP_ANALYSIS = YES;
				CLANG_WARN_STRICT_PROTOTYPES = YES;
				CLANG_WARN_SUSPICIOUS_MOVE = YES;
				CLANG_WARN_UNGUARDED_AVAILABILITY = YES_AGGRESSIVE;
				CLANG_WARN_UNREACHABLE_CODE = YES;
				CLANG_WARN__DUPLICATE_METHOD_MATCH = YES;
				CODE_SIGN_IDENTITY = "iPhone Developer";
				COPY_PHASE_STRIP = NO;
				DEBUG_INFORMATION_FORMAT = "dwarf-with-dsym";
				ENABLE_NS_ASSERTIONS = NO;
				ENABLE_STRICT_OBJC_MSGSEND = YES;
				GCC_C_LANGUAGE_STANDARD = gnu11;
				GCC_NO_COMMON_BLOCKS = YES;
				GCC_WARN_64_TO_32_BIT_CONVERSION = YES;
				GCC_WARN_ABOUT_RETURN_TYPE = YES_ERROR;
				GCC_WARN_UNDECLARED_SELECTOR = YES;
				GCC_WARN_UNINITIALIZED_AUTOS = YES_AGGRESSIVE;
				GCC_WARN_UNUSED_FUNCTION = YES;
				GCC_WARN_UNUSED_VARIABLE = YES;
				IPHONEOS_DEPLOYMENT_TARGET = 11.0;
				MTL_ENABLE_DEBUG_INFO = NO;
				SDKROOT = iphoneos;
				SWIFT_OPTIMIZATION_LEVEL = "-Owholemodule";
				VALIDATE_PRODUCT = YES;
			};
			name = Release;
		};
		20DFFDB01F76E25700991EAC /* Debug */ = {
			isa = XCBuildConfiguration;
			buildSettings = {
				ASSETCATALOG_COMPILER_APPICON_NAME = AppIcon;
				CODE_SIGN_STYLE = Automatic;
				INFOPLIST_FILE = "product-hunt api Project/Info.plist";
				LD_RUNPATH_SEARCH_PATHS = "$(inherited) @executable_path/Frameworks";
				PRODUCT_BUNDLE_IDENTIFIER = "yveslym-corp.product-hunt-api-Project";
				PRODUCT_NAME = "$(TARGET_NAME)";
				SWIFT_VERSION = 4.0;
				TARGETED_DEVICE_FAMILY = "1,2";
			};
			name = Debug;
		};
		20DFFDB11F76E25700991EAC /* Release */ = {
			isa = XCBuildConfiguration;
			buildSettings = {
				ASSETCATALOG_COMPILER_APPICON_NAME = AppIcon;
				CODE_SIGN_STYLE = Automatic;
				INFOPLIST_FILE = "product-hunt api Project/Info.plist";
				LD_RUNPATH_SEARCH_PATHS = "$(inherited) @executable_path/Frameworks";
				PRODUCT_BUNDLE_IDENTIFIER = "yveslym-corp.product-hunt-api-Project";
				PRODUCT_NAME = "$(TARGET_NAME)";
				SWIFT_VERSION = 4.0;
				TARGETED_DEVICE_FAMILY = "1,2";
			};
			name = Release;
		};
/* End XCBuildConfiguration section */

/* Begin XCConfigurationList section */
		20DFFD981F76E25700991EAC /* Build configuration list for PBXProject "product-hunt api Project" */ = {
			isa = XCConfigurationList;
			buildConfigurations = (
				20DFFDAD1F76E25700991EAC /* Debug */,
				20DFFDAE1F76E25700991EAC /* Release */,
			);
			defaultConfigurationIsVisible = 0;
			defaultConfigurationName = Release;
		};
		20DFFDAF1F76E25700991EAC /* Build configuration list for PBXNativeTarget "product-hunt api Project" */ = {
			isa = XCConfigurationList;
			buildConfigurations = (
				20DFFDB01F76E25700991EAC /* Debug */,
				20DFFDB11F76E25700991EAC /* Release */,
			);
			defaultConfigurationIsVisible = 0;
			defaultConfigurationName = Release;
		};
/* End XCConfigurationList section */
	};
	rootObject = 20DFFD951F76E25700991EAC /* Project object */;
}
